// !$*UTF8*$!
{
	archiveVersion = 1;
	classes = {
	};
	objectVersion = 46;
	objects = {

/* Begin PBXBuildFile section */
		463E8DD91E995B51006B0516 /* News3ViewController.swift in Sources */ = {isa = PBXBuildFile; fileRef = 463E8DD81E995B51006B0516 /* News3ViewController.swift */; };
		46DCA46D1E915172009AE445 /* AppDelegate.swift in Sources */ = {isa = PBXBuildFile; fileRef = 46DCA46C1E915172009AE445 /* AppDelegate.swift */; };
		46DCA46F1E915172009AE445 /* ViewController.swift in Sources */ = {isa = PBXBuildFile; fileRef = 46DCA46E1E915172009AE445 /* ViewController.swift */; };
		46DCA4721E915172009AE445 /* Main.storyboard in Resources */ = {isa = PBXBuildFile; fileRef = 46DCA4701E915172009AE445 /* Main.storyboard */; };
		46DCA4741E915172009AE445 /* Assets.xcassets in Resources */ = {isa = PBXBuildFile; fileRef = 46DCA4731E915172009AE445 /* Assets.xcassets */; };
		46DCA4771E915172009AE445 /* LaunchScreen.storyboard in Resources */ = {isa = PBXBuildFile; fileRef = 46DCA4751E915172009AE445 /* LaunchScreen.storyboard */; };
		46DCA4891E9151D0009AE445 /* 1.jpg in Resources */ = {isa = PBXBuildFile; fileRef = 46DCA47E1E9151D0009AE445 /* 1.jpg */; };
		46DCA48A1E9151D0009AE445 /* 2.jpg in Resources */ = {isa = PBXBuildFile; fileRef = 46DCA47F1E9151D0009AE445 /* 2.jpg */; };
		46DCA48B1E9151D0009AE445 /* 3.jpg in Resources */ = {isa = PBXBuildFile; fileRef = 46DCA4801E9151D0009AE445 /* 3.jpg */; };
		46DCA48C1E9151D0009AE445 /* 4.jpg in Resources */ = {isa = PBXBuildFile; fileRef = 46DCA4811E9151D0009AE445 /* 4.jpg */; };
		46DCA48D1E9151D0009AE445 /* 5.jpg in Resources */ = {isa = PBXBuildFile; fileRef = 46DCA4821E9151D0009AE445 /* 5.jpg */; };
		46DCA48E1E9151D0009AE445 /* back.png in Resources */ = {isa = PBXBuildFile; fileRef = 46DCA4831E9151D0009AE445 /* back.png */; };
		46DCA48F1E9151D0009AE445 /* cancel.png in Resources */ = {isa = PBXBuildFile; fileRef = 46DCA4841E9151D0009AE445 /* cancel.png */; };
		46DCA4901E9151D0009AE445 /* CAPSPageMenu.swift in Sources */ = {isa = PBXBuildFile; fileRef = 46DCA4851E9151D0009AE445 /* CAPSPageMenu.swift */; };
		46DCA4911E9151D0009AE445 /* DotsLoader.swift in Sources */ = {isa = PBXBuildFile; fileRef = 46DCA4861E9151D0009AE445 /* DotsLoader.swift */; };
		46DCA4921E9151D0009AE445 /* go.png in Resources */ = {isa = PBXBuildFile; fileRef = 46DCA4871E9151D0009AE445 /* go.png */; };
		46DCA4931E9151D0009AE445 /* placeholderImage.png in Resources */ = {isa = PBXBuildFile; fileRef = 46DCA4881E9151D0009AE445 /* placeholderImage.png */; };
		46DCA4951E915261009AE445 /* News1ViewController.swift in Sources */ = {isa = PBXBuildFile; fileRef = 46DCA4941E915261009AE445 /* News1ViewController.swift */; };
		46DCA4971E91527F009AE445 /* News2ViewController.swift in Sources */ = {isa = PBXBuildFile; fileRef = 46DCA4961E91527F009AE445 /* News2ViewController.swift */; };
		46DCA49B1E915298009AE445 /* News4ViewController.swift in Sources */ = {isa = PBXBuildFile; fileRef = 46DCA49A1E915298009AE445 /* News4ViewController.swift */; };
		46DCA49D1E9152A2009AE445 /* News5ViewController.swift in Sources */ = {isa = PBXBuildFile; fileRef = 46DCA49C1E9152A2009AE445 /* News5ViewController.swift */; };
		5BF94050DB87930D97276ECD /* Pods_SmartNews.framework in Frameworks */ = {isa = PBXBuildFile; fileRef = 24D76B7C0A9F8B5DA8ED1439 /* Pods_SmartNews.framework */; };
/* End PBXBuildFile section */

/* Begin PBXFileReference section */
		24D76B7C0A9F8B5DA8ED1439 /* Pods_SmartNews.framework */ = {isa = PBXFileReference; explicitFileType = wrapper.framework; includeInIndex = 0; path = Pods_SmartNews.framework; sourceTree = BUILT_PRODUCTS_DIR; };
		463E8DD81E995B51006B0516 /* News3ViewController.swift */ = {isa = PBXFileReference; fileEncoding = 4; lastKnownFileType = sourcecode.swift; path = News3ViewController.swift; sourceTree = "<group>"; };
		46DCA4691E915172009AE445 /* SmartNews.app */ = {isa = PBXFileReference; explicitFileType = wrapper.application; includeInIndex = 0; path = SmartNews.app; sourceTree = BUILT_PRODUCTS_DIR; };
		46DCA46C1E915172009AE445 /* AppDelegate.swift */ = {isa = PBXFileReference; lastKnownFileType = sourcecode.swift; path = AppDelegate.swift; sourceTree = "<group>"; };
		46DCA46E1E915172009AE445 /* ViewController.swift */ = {isa = PBXFileReference; lastKnownFileType = sourcecode.swift; path = ViewController.swift; sourceTree = "<group>"; };
		46DCA4711E915172009AE445 /* Base */ = {isa = PBXFileReference; lastKnownFileType = file.storyboard; name = Base; path = Base.lproj/Main.storyboard; sourceTree = "<group>"; };
		46DCA4731E915172009AE445 /* Assets.xcassets */ = {isa = PBXFileReference; lastKnownFileType = folder.assetcatalog; path = Assets.xcassets; sourceTree = "<group>"; };
		46DCA4761E915172009AE445 /* Base */ = {isa = PBXFileReference; lastKnownFileType = file.storyboard; name = Base; path = Base.lproj/LaunchScreen.storyboard; sourceTree = "<group>"; };
		46DCA4781E915172009AE445 /* Info.plist */ = {isa = PBXFileReference; lastKnownFileType = text.plist.xml; path = Info.plist; sourceTree = "<group>"; };
		46DCA47E1E9151D0009AE445 /* 1.jpg */ = {isa = PBXFileReference; lastKnownFileType = image.jpeg; name = 1.jpg; path = ../../../../Downloads/SmartyNewsFiles/1.jpg; sourceTree = "<group>"; };
		46DCA47F1E9151D0009AE445 /* 2.jpg */ = {isa = PBXFileReference; lastKnownFileType = image.jpeg; name = 2.jpg; path = ../../../../Downloads/SmartyNewsFiles/2.jpg; sourceTree = "<group>"; };
		46DCA4801E9151D0009AE445 /* 3.jpg */ = {isa = PBXFileReference; lastKnownFileType = image.jpeg; name = 3.jpg; path = ../../../../Downloads/SmartyNewsFiles/3.jpg; sourceTree = "<group>"; };
		46DCA4811E9151D0009AE445 /* 4.jpg */ = {isa = PBXFileReference; lastKnownFileType = image.jpeg; name = 4.jpg; path = ../../../../Downloads/SmartyNewsFiles/4.jpg; sourceTree = "<group>"; };
		46DCA4821E9151D0009AE445 /* 5.jpg */ = {isa = PBXFileReference; lastKnownFileType = image.jpeg; name = 5.jpg; path = ../../../../Downloads/SmartyNewsFiles/5.jpg; sourceTree = "<group>"; };
		46DCA4831E9151D0009AE445 /* back.png */ = {isa = PBXFileReference; lastKnownFileType = image.png; name = back.png; path = ../../../../Downloads/SmartyNewsFiles/back.png; sourceTree = "<group>"; };
		46DCA4841E9151D0009AE445 /* cancel.png */ = {isa = PBXFileReference; lastKnownFileType = image.png; name = cancel.png; path = ../../../../Downloads/SmartyNewsFiles/cancel.png; sourceTree = "<group>"; };
		46DCA4851E9151D0009AE445 /* CAPSPageMenu.swift */ = {isa = PBXFileReference; fileEncoding = 4; lastKnownFileType = sourcecode.swift; name = CAPSPageMenu.swift; path = ../../../../Downloads/SmartyNewsFiles/CAPSPageMenu.swift; sourceTree = "<group>"; };
		46DCA4861E9151D0009AE445 /* DotsLoader.swift */ = {isa = PBXFileReference; fileEncoding = 4; lastKnownFileType = sourcecode.swift; name = DotsLoader.swift; path = ../../../../Downloads/SmartyNewsFiles/DotsLoader.swift; sourceTree = "<group>"; };
		46DCA4871E9151D0009AE445 /* go.png */ = {isa = PBXFileReference; lastKnownFileType = image.png; name = go.png; path = ../../../../Downloads/SmartyNewsFiles/go.png; sourceTree = "<group>"; };
		46DCA4881E9151D0009AE445 /* placeholderImage.png */ = {isa = PBXFileReference; lastKnownFileType = image.png; name = placeholderImage.png; path = ../../../../Downloads/SmartyNewsFiles/placeholderImage.png; sourceTree = "<group>"; };
		46DCA4941E915261009AE445 /* News1ViewController.swift */ = {isa = PBXFileReference; fileEncoding = 4; lastKnownFileType = sourcecode.swift; path = News1ViewController.swift; sourceTree = "<group>"; };
		46DCA4961E91527F009AE445 /* News2ViewController.swift */ = {isa = PBXFileReference; fileEncoding = 4; lastKnownFileType = sourcecode.swift; path = News2ViewController.swift; sourceTree = "<group>"; };
		46DCA49A1E915298009AE445 /* News4ViewController.swift */ = {isa = PBXFileReference; fileEncoding = 4; lastKnownFileType = sourcecode.swift; path = News4ViewController.swift; sourceTree = "<group>"; };
		46DCA49C1E9152A2009AE445 /* News5ViewController.swift */ = {isa = PBXFileReference; fileEncoding = 4; lastKnownFileType = sourcecode.swift; path = News5ViewController.swift; sourceTree = "<group>"; };
		6ED57550A9A396529C137783 /* Pods-SmartNews.release.xcconfig */ = {isa = PBXFileReference; includeInIndex = 1; lastKnownFileType = text.xcconfig; name = "Pods-SmartNews.release.xcconfig"; path = "Pods/Target Support Files/Pods-SmartNews/Pods-SmartNews.release.xcconfig"; sourceTree = "<group>"; };
		7576659C3EA1AC14FCC66363 /* Pods-SmartNews.debug.xcconfig */ = {isa = PBXFileReference; includeInIndex = 1; lastKnownFileType = text.xcconfig; name = "Pods-SmartNews.debug.xcconfig"; path = "Pods/Target Support Files/Pods-SmartNews/Pods-SmartNews.debug.xcconfig"; sourceTree = "<group>"; };
/* End PBXFileReference section */

/* Begin PBXFrameworksBuildPhase section */
		46DCA4661E915172009AE445 /* Frameworks */ = {
			isa = PBXFrameworksBuildPhase;
			buildActionMask = 2147483647;
			files = (
				5BF94050DB87930D97276ECD /* Pods_SmartNews.framework in Frameworks */,
			);
			runOnlyForDeploymentPostprocessing = 0;
		};
/* End PBXFrameworksBuildPhase section */

/* Begin PBXGroup section */
		46DCA4601E915172009AE445 = {
			isa = PBXGroup;
			children = (
				46DCA46B1E915172009AE445 /* SmartNews */,
				46DCA46A1E915172009AE445 /* Products */,
				AD6FF7CDBD495B4DAC839D70 /* Pods */,
				7DBBF3472253388953A200C9 /* Frameworks */,
			);
			sourceTree = "<group>";
		};
		46DCA46A1E915172009AE445 /* Products */ = {
			isa = PBXGroup;
			children = (
				46DCA4691E915172009AE445 /* SmartNews.app */,
			);
			name = Products;
			sourceTree = "<group>";
		};
		46DCA46B1E915172009AE445 /* SmartNews */ = {
			isa = PBXGroup;
			children = (
				46DCA47E1E9151D0009AE445 /* 1.jpg */,
				46DCA47F1E9151D0009AE445 /* 2.jpg */,
				46DCA4801E9151D0009AE445 /* 3.jpg */,
				46DCA4811E9151D0009AE445 /* 4.jpg */,
				46DCA4821E9151D0009AE445 /* 5.jpg */,
				46DCA4831E9151D0009AE445 /* back.png */,
				46DCA4841E9151D0009AE445 /* cancel.png */,
				46DCA4851E9151D0009AE445 /* CAPSPageMenu.swift */,
				46DCA4861E9151D0009AE445 /* DotsLoader.swift */,
				46DCA4871E9151D0009AE445 /* go.png */,
				46DCA4881E9151D0009AE445 /* placeholderImage.png */,
				46DCA46C1E915172009AE445 /* AppDelegate.swift */,
				46DCA46E1E915172009AE445 /* ViewController.swift */,
				46DCA4941E915261009AE445 /* News1ViewController.swift */,
				46DCA4961E91527F009AE445 /* News2ViewController.swift */,
				463E8DD81E995B51006B0516 /* News3ViewController.swift */,
				46DCA49A1E915298009AE445 /* News4ViewController.swift */,
				46DCA49C1E9152A2009AE445 /* News5ViewController.swift */,
				46DCA4701E915172009AE445 /* Main.storyboard */,
				46DCA4731E915172009AE445 /* Assets.xcassets */,
				46DCA4751E915172009AE445 /* LaunchScreen.storyboard */,
				46DCA4781E915172009AE445 /* Info.plist */,
			);
			path = SmartNews;
			sourceTree = "<group>";
		};
		7DBBF3472253388953A200C9 /* Frameworks */ = {
			isa = PBXGroup;
			children = (
				24D76B7C0A9F8B5DA8ED1439 /* Pods_SmartNews.framework */,
			);
			name = Frameworks;
			sourceTree = "<group>";
		};
		AD6FF7CDBD495B4DAC839D70 /* Pods */ = {
			isa = PBXGroup;
			children = (
				7576659C3EA1AC14FCC66363 /* Pods-SmartNews.debug.xcconfig */,
				6ED57550A9A396529C137783 /* Pods-SmartNews.release.xcconfig */,
			);
			name = Pods;
			sourceTree = "<group>";
		};
/* End PBXGroup section */

/* Begin PBXNativeTarget section */
		46DCA4681E915172009AE445 /* SmartNews */ = {
			isa = PBXNativeTarget;
			buildConfigurationList = 46DCA47B1E915172009AE445 /* Build configuration list for PBXNativeTarget "SmartNews" */;
			buildPhases = (
				A5F4D22B01B6F83D41C89F91 /* [CP] Check Pods Manifest.lock */,
				46DCA4651E915172009AE445 /* Sources */,
				46DCA4661E915172009AE445 /* Frameworks */,
				46DCA4671E915172009AE445 /* Resources */,
				CF94D90500424E5DDB0C7A43 /* [CP] Embed Pods Frameworks */,
				2C01D332DC6B5EA109193B1D /* [CP] Copy Pods Resources */,
			);
			buildRules = (
			);
			dependencies = (
			);
			name = SmartNews;
			productName = SmartNews;
			productReference = 46DCA4691E915172009AE445 /* SmartNews.app */;
			productType = "com.apple.product-type.application";
		};
/* End PBXNativeTarget section */

/* Begin PBXProject section */
		46DCA4611E915172009AE445 /* Project object */ = {
			isa = PBXProject;
			attributes = {
				LastSwiftUpdateCheck = 0830;
				LastUpgradeCheck = 0830;
				ORGANIZATIONNAME = "Yasuo Kurihara";
				TargetAttributes = {
					46DCA4681E915172009AE445 = {
						CreatedOnToolsVersion = 8.3;
						DevelopmentTeam = D6CT6V48Z4;
						ProvisioningStyle = Automatic;
					};
				};
			};
			buildConfigurationList = 46DCA4641E915172009AE445 /* Build configuration list for PBXProject "SmartNews" */;
			compatibilityVersion = "Xcode 3.2";
			developmentRegion = English;
			hasScannedForEncodings = 0;
			knownRegions = (
				en,
				Base,
			);
			mainGroup = 46DCA4601E915172009AE445;
			productRefGroup = 46DCA46A1E915172009AE445 /* Products */;
			projectDirPath = "";
			projectRoot = "";
			targets = (
				46DCA4681E915172009AE445 /* SmartNews */,
			);
		};
/* End PBXProject section */

/* Begin PBXResourcesBuildPhase section */
		46DCA4671E915172009AE445 /* Resources */ = {
			isa = PBXResourcesBuildPhase;
			buildActionMask = 2147483647;
			files = (
				46DCA4771E915172009AE445 /* LaunchScreen.storyboard in Resources */,
				46DCA48D1E9151D0009AE445 /* 5.jpg in Resources */,
				46DCA4921E9151D0009AE445 /* go.png in Resources */,
				46DCA48E1E9151D0009AE445 /* back.png in Resources */,
				46DCA48F1E9151D0009AE445 /* cancel.png in Resources */,
				46DCA48C1E9151D0009AE445 /* 4.jpg in Resources */,
				46DCA4891E9151D0009AE445 /* 1.jpg in Resources */,
				46DCA48A1E9151D0009AE445 /* 2.jpg in Resources */,
				46DCA48B1E9151D0009AE445 /* 3.jpg in Resources */,
				46DCA4931E9151D0009AE445 /* placeholderImage.png in Resources */,
				46DCA4741E915172009AE445 /* Assets.xcassets in Resources */,
				46DCA4721E915172009AE445 /* Main.storyboard in Resources */,
			);
			runOnlyForDeploymentPostprocessing = 0;
		};
/* End PBXResourcesBuildPhase section */

/* Begin PBXShellScriptBuildPhase section */
		2C01D332DC6B5EA109193B1D /* [CP] Copy Pods Resources */ = {
			isa = PBXShellScriptBuildPhase;
			buildActionMask = 2147483647;
			files = (
			);
			inputPaths = (
			);
			name = "[CP] Copy Pods Resources";
			outputPaths = (
			);
			runOnlyForDeploymentPostprocessing = 0;
			shellPath = /bin/sh;
			shellScript = "\"${SRCROOT}/Pods/Target Support Files/Pods-SmartNews/Pods-SmartNews-resources.sh\"\n";
			showEnvVarsInLog = 0;
		};
		A5F4D22B01B6F83D41C89F91 /* [CP] Check Pods Manifest.lock */ = {
			isa = PBXShellScriptBuildPhase;
			buildActionMask = 2147483647;
			files = (
			);
			inputPaths = (
			);
			name = "[CP] Check Pods Manifest.lock";
			outputPaths = (
			);
			runOnlyForDeploymentPostprocessing = 0;
			shellPath = /bin/sh;
			shellScript = "diff \"${PODS_ROOT}/../Podfile.lock\" \"${PODS_ROOT}/Manifest.lock\" > /dev/null\nif [ $? != 0 ] ; then\n    # print error to STDERR\n    echo \"error: The sandbox is not in sync with the Podfile.lock. Run 'pod install' or update your CocoaPods installation.\" >&2\n    exit 1\nfi\n";
			showEnvVarsInLog = 0;
		};
		CF94D90500424E5DDB0C7A43 /* [CP] Embed Pods Frameworks */ = {
			isa = PBXShellScriptBuildPhase;
			buildActionMask = 2147483647;
			files = (
			);
			inputPaths = (
			);
			name = "[CP] Embed Pods Frameworks";
			outputPaths = (
			);
			runOnlyForDeploymentPostprocessing = 0;
			shellPath = /bin/sh;
			shellScript = "\"${SRCROOT}/Pods/Target Support Files/Pods-SmartNews/Pods-SmartNews-frameworks.sh\"\n";
			showEnvVarsInLog = 0;
		};
/* End PBXShellScriptBuildPhase section */

/* Begin PBXSourcesBuildPhase section */
		46DCA4651E915172009AE445 /* Sources */ = {
			isa = PBXSourcesBuildPhase;
			buildActionMask = 2147483647;
			files = (
				46DCA4951E915261009AE445 /* News1ViewController.swift in Sources */,
				46DCA49D1E9152A2009AE445 /* News5ViewController.swift in Sources */,
				46DCA4911E9151D0009AE445 /* DotsLoader.swift in Sources */,
				46DCA46F1E915172009AE445 /* ViewController.swift in Sources */,
				463E8DD91E995B51006B0516 /* News3ViewController.swift in Sources */,
				46DCA49B1E915298009AE445 /* News4ViewController.swift in Sources */,
				46DCA46D1E915172009AE445 /* AppDelegate.swift in Sources */,
				46DCA4971E91527F009AE445 /* News2ViewController.swift in Sources */,
				46DCA4901E9151D0009AE445 /* CAPSPageMenu.swift in Sources */,
			);
			runOnlyForDeploymentPostprocessing = 0;
		};
/* End PBXSourcesBuildPhase section */

/* Begin PBXVariantGroup section */
		46DCA4701E915172009AE445 /* Main.storyboard */ = {
			isa = PBXVariantGroup;
			children = (
				46DCA4711E915172009AE445 /* Base */,
			);
			name = Main.storyboard;
			sourceTree = "<group>";
		};
		46DCA4751E915172009AE445 /* LaunchScreen.storyboard */ = {
			isa = PBXVariantGroup;
			children = (
				46DCA4761E915172009AE445 /* Base */,
			);
			name = LaunchScreen.storyboard;
			sourceTree = "<group>";
		};
/* End PBXVariantGroup section */

/* Begin XCBuildConfiguration section */
		46DCA4791E915172009AE445 /* Debug */ = {
			isa = XCBuildConfiguration;
			buildSettings = {
				ALWAYS_SEARCH_USER_PATHS = NO;
				CLANG_ANALYZER_NONNULL = YES;
				CLANG_ANALYZER_NUMBER_OBJECT_CONVERSION = YES_AGGRESSIVE;
				CLANG_CXX_LANGUAGE_STANDARD = "gnu++0x";
				CLANG_CXX_LIBRARY = "libc++";
				CLANG_ENABLE_MODULES = YES;
				CLANG_ENABLE_OBJC_ARC = YES;
				CLANG_WARN_BOOL_CONVERSION = YES;
				CLANG_WARN_CONSTANT_CONVERSION = YES;
				CLANG_WARN_DIRECT_OBJC_ISA_USAGE = YES_ERROR;
				CLANG_WARN_DOCUMENTATION_COMMENTS = YES;
				CLANG_WARN_EMPTY_BODY = YES;
				CLANG_WARN_ENUM_CONVERSION = YES;
				CLANG_WARN_INFINITE_RECURSION = YES;
				CLANG_WARN_INT_CONVERSION = YES;
				CLANG_WARN_OBJC_ROOT_CLASS = YES_ERROR;
				CLANG_WARN_SUSPICIOUS_MOVE = YES;
				CLANG_WARN_UNREACHABLE_CODE = YES;
				CLANG_WARN__DUPLICATE_METHOD_MATCH = YES;
				"CODE_SIGN_IDENTITY[sdk=iphoneos*]" = "iPhone Developer";
				COPY_PHASE_STRIP = NO;
				DEBUG_INFORMATION_FORMAT = dwarf;
				ENABLE_STRICT_OBJC_MSGSEND = YES;
				ENABLE_TESTABILITY = YES;
				GCC_C_LANGUAGE_STANDARD = gnu99;
				GCC_DYNAMIC_NO_PIC = NO;
				GCC_NO_COMMON_BLOCKS = YES;
				GCC_OPTIMIZATION_LEVEL = 0;
				GCC_PREPROCESSOR_DEFINITIONS = (
					"DEBUG=1",
					"$(inherited)",
				);
				GCC_WARN_64_TO_32_BIT_CONVERSION = YES;
				GCC_WARN_ABOUT_RETURN_TYPE = YES_ERROR;
				GCC_WARN_UNDECLARED_SELECTOR = YES;
				GCC_WARN_UNINITIALIZED_AUTOS = YES_AGGRESSIVE;
				GCC_WARN_UNUSED_FUNCTION = YES;
				GCC_WARN_UNUSED_VARIABLE = YES;
				IPHONEOS_DEPLOYMENT_TARGET = 10.3;
				MTL_ENABLE_DEBUG_INFO = YES;
				ONLY_ACTIVE_ARCH = YES;
				SDKROOT = iphoneos;
				SWIFT_ACTIVE_COMPILATION_CONDITIONS = DEBUG;
				SWIFT_OPTIMIZATION_LEVEL = "-Onone";
			};
			name = Debug;
		};
		46DCA47A1E915172009AE445 /* Release */ = {
			isa = XCBuildConfiguration;
			buildSettings = {
				ALWAYS_SEARCH_USER_PATHS = NO;
				CLANG_ANALYZER_NONNULL = YES;
				CLANG_ANALYZER_NUMBER_OBJECT_CONVERSION = YES_AGGRESSIVE;
				CLANG_CXX_LANGUAGE_STANDARD = "gnu++0x";
				CLANG_CXX_LIBRARY = "libc++";
				CLANG_ENABLE_MODULES = YES;
				CLANG_ENABLE_OBJC_ARC = YES;
				CLANG_WARN_BOOL_CONVERSION = YES;
				CLANG_WARN_CONSTANT_CONVERSION = YES;
				CLANG_WARN_DIRECT_OBJC_ISA_USAGE = YES_ERROR;
				CLANG_WARN_DOCUMENTATION_COMMENTS = YES;
				CLANG_WARN_EMPTY_BODY = YES;
				CLANG_WARN_ENUM_CONVERSION = YES;
				CLANG_WARN_INFINITE_RECURSION = YES;
				CLANG_WARN_INT_CONVERSION = YES;
				CLANG_WARN_OBJC_ROOT_CLASS = YES_ERROR;
				CLANG_WARN_SUSPICIOUS_MOVE = YES;
				CLANG_WARN_UNREACHABLE_CODE = YES;
				CLANG_WARN__DUPLICATE_METHOD_MATCH = YES;
				"CODE_SIGN_IDENTITY[sdk=iphoneos*]" = "iPhone Developer";
				COPY_PHASE_STRIP = NO;
				DEBUG_INFORMATION_FORMAT = "dwarf-with-dsym";
				ENABLE_NS_ASSERTIONS = NO;
				ENABLE_STRICT_OBJC_MSGSEND = YES;
				GCC_C_LANGUAGE_STANDARD = gnu99;
				GCC_NO_COMMON_BLOCKS = YES;
				GCC_WARN_64_TO_32_BIT_CONVERSION = YES;
				GCC_WARN_ABOUT_RETURN_TYPE = YES_ERROR;
				GCC_WARN_UNDECLARED_SELECTOR = YES;
				GCC_WARN_UNINITIALIZED_AUTOS = YES_AGGRESSIVE;
				GCC_WARN_UNUSED_FUNCTION = YES;
				GCC_WARN_UNUSED_VARIABLE = YES;
				IPHONEOS_DEPLOYMENT_TARGET = 10.3;
				MTL_ENABLE_DEBUG_INFO = NO;
				SDKROOT = iphoneos;
				SWIFT_OPTIMIZATION_LEVEL = "-Owholemodule";
				VALIDATE_PRODUCT = YES;
			};
			name = Release;
		};
		46DCA47C1E915172009AE445 /* Debug */ = {
			isa = XCBuildConfiguration;
			baseConfigurationReference = 7576659C3EA1AC14FCC66363 /* Pods-SmartNews.debug.xcconfig */;
			buildSettings = {
				ASSETCATALOG_COMPILER_APPICON_NAME = AppIcon;
				DEVELOPMENT_TEAM = D6CT6V48Z4;
				INFOPLIST_FILE = SmartNews/Info.plist;
				IPHONEOS_DEPLOYMENT_TARGET = 10.0;
				LD_RUNPATH_SEARCH_PATHS = "$(inherited) @executable_path/Frameworks";
				PRODUCT_BUNDLE_IDENTIFIER = jp.YasuoKurihara.SmartNews;
				PRODUCT_NAME = "$(TARGET_NAME)";
				SWIFT_VERSION = 3.0;
			};
			name = Debug;
		};
		46DCA47D1E915172009AE445 /* Release */ = {
			isa = XCBuildConfiguration;
			baseConfigurationReference = 6ED57550A9A396529C137783 /* Pods-SmartNews.release.xcconfig */;
			buildSettings = {
				ASSETCATALOG_COMPILER_APPICON_NAME = AppIcon;
				DEVELOPMENT_TEAM = D6CT6V48Z4;
				INFOPLIST_FILE = SmartNews/Info.plist;
				IPHONEOS_DEPLOYMENT_TARGET = 10.0;
				LD_RUNPATH_SEARCH_PATHS = "$(inherited) @executable_path/Frameworks";
				PRODUCT_BUNDLE_IDENTIFIER = jp.YasuoKurihara.SmartNews;
				PRODUCT_NAME = "$(TARGET_NAME)";
				SWIFT_VERSION = 3.0;
			};
			name = Release;
		};
/* End XCBuildConfiguration section */

/* Begin XCConfigurationList section */
		46DCA4641E915172009AE445 /* Build configuration list for PBXProject "SmartNews" */ = {
			isa = XCConfigurationList;
			buildConfigurations = (
				46DCA4791E915172009AE445 /* Debug */,
				46DCA47A1E915172009AE445 /* Release */,
			);
			defaultConfigurationIsVisible = 0;
			defaultConfigurationName = Release;
		};
		46DCA47B1E915172009AE445 /* Build configuration list for PBXNativeTarget "SmartNews" */ = {
			isa = XCConfigurationList;
			buildConfigurations = (
				46DCA47C1E915172009AE445 /* Debug */,
				46DCA47D1E915172009AE445 /* Release */,
			);
			defaultConfigurationIsVisible = 0;
			defaultConfigurationName = Release;
		};
/* End XCConfigurationList section */
	};
	rootObject = 46DCA4611E915172009AE445 /* Project object */;
}
